
Microsoft Visual Studio Solution File, Format Version 12.00
# Visual Studio Version 17
VisualStudioVersion = 17.7.34024.191
MinimumVisualStudioVersion = 10.0.40219.1
Project("{9A19103F-16F7-4668-BE54-9A1E7A4F7556}") = "API", "API\API.csproj", "{BE526FF4-405E-4B8E-8DDF-F61B8589D907}"
EndProject
Project("{FAE04EC0-301F-11D3-BF4B-00C04F79EFBC}") = "Core", "Domain\Core.csproj", "{B6848287-94B1-477B-A524-816E87E59DE6}"
EndProject
Project("{FAE04EC0-301F-11D3-BF4B-00C04F79EFBC}") = "Service", "Service\Service.csproj", "{1286E9F4-ED09-4BB2-B0E7-926BC0D2D5FE}"
EndProject
Project("{FAE04EC0-301F-11D3-BF4B-00C04F79EFBC}") = "Infrastructure", "Infrastructure\Infrastructure.csproj", "{8A065A1B-F053-4823-92EC-1B6060F18AA4}"
EndProject
Project("{FAE04EC0-301F-11D3-BF4B-00C04F79EFBC}") = "Presentation", "Presentation\Presentation.csproj", "{9496158C-6963-4943-ACB7-5CB248048C21}"
EndProject
Global
	GlobalSection(SolutionConfigurationPlatforms) = preSolution
		Debug|Any CPU = Debug|Any CPU
		Release|Any CPU = Release|Any CPU
	EndGlobalSection
	GlobalSection(ProjectConfigurationPlatforms) = postSolution
		{BE526FF4-405E-4B8E-8DDF-F61B8589D907}.Debug|Any CPU.ActiveCfg = Debug|Any CPU
		{BE526FF4-405E-4B8E-8DDF-F61B8589D907}.Debug|Any CPU.Build.0 = Debug|Any CPU
		{BE526FF4-405E-4B8E-8DDF-F61B8589D907}.Release|Any CPU.ActiveCfg = Release|Any CPU
		{BE526FF4-405E-4B8E-8DDF-F61B8589D907}.Release|Any CPU.Build.0 = Release|Any CPU
		{B6848287-94B1-477B-A524-816E87E59DE6}.Debug|Any CPU.ActiveCfg = Debug|Any CPU
		{B6848287-94B1-477B-A524-816E87E59DE6}.Debug|Any CPU.Build.0 = Debug|Any CPU
		{B6848287-94B1-477B-A524-816E87E59DE6}.Release|Any CPU.ActiveCfg = Release|Any CPU
		{B6848287-94B1-477B-A524-816E87E59DE6}.Release|Any CPU.Build.0 = Release|Any CPU
		{1286E9F4-ED09-4BB2-B0E7-926BC0D2D5FE}.Debug|Any CPU.ActiveCfg = Debug|Any CPU
		{1286E9F4-ED09-4BB2-B0E7-926BC0D2D5FE}.Debug|Any CPU.Build.0 = Debug|Any CPU
		{1286E9F4-ED09-4BB2-B0E7-926BC0D2D5FE}.Release|Any CPU.ActiveCfg = Release|Any CPU
		{1286E9F4-ED09-4BB2-B0E7-926BC0D2D5FE}.Release|Any CPU.Build.0 = Release|Any CPU
		{8A065A1B-F053-4823-92EC-1B6060F18AA4}.Debug|Any CPU.ActiveCfg = Debug|Any CPU
		{8A065A1B-F053-4823-92EC-1B6060F18AA4}.Debug|Any CPU.Build.0 = Debug|Any CPU
		{8A065A1B-F053-4823-92EC-1B6060F18AA4}.Release|Any CPU.ActiveCfg = Release|Any CPU
		{8A065A1B-F053-4823-92EC-1B6060F18AA4}.Release|Any CPU.Build.0 = Release|Any CPU
		{9496158C-6963-4943-ACB7-5CB248048C21}.Debug|Any CPU.ActiveCfg = Debug|Any CPU
		{9496158C-6963-4943-ACB7-5CB248048C21}.Debug|Any CPU.Build.0 = Debug|Any CPU
		{9496158C-6963-4943-ACB7-5CB248048C21}.Release|Any CPU.ActiveCfg = Release|Any CPU
		{9496158C-6963-4943-ACB7-5CB248048C21}.Release|Any CPU.Build.0 = Release|Any CPU
	EndGlobalSection
	GlobalSection(SolutionProperties) = preSolution
		HideSolutionNode = FALSE
	EndGlobalSection
	GlobalSection(ExtensibilityGlobals) = postSolution
		SolutionGuid = {E529BA02-8C00-48AC-90BC-DB9F533B6A7D}
	EndGlobalSection
EndGlobal
